
Microsoft Visual Studio Solution File, Format Version 12.00
# Visual Studio 2013
VisualStudioVersion = 12.0.21005.1
MinimumVisualStudioVersion = 10.0.40219.1
Project("{8BC9CEB8-8B4A-11D0-8D11-00A0C91BC942}") = "test-4-20", "test-4-20\test-4-20.vcxproj", "{D55463D9-D0DE-40C2-BCCE-5F3E81F0AAE9}"
EndProject
Global
	GlobalSection(SolutionConfigurationPlatforms) = preSolution
		Debug|Win32 = Debug|Win32
		Release|Win32 = Release|Win32
	EndGlobalSection
	GlobalSection(ProjectConfigurationPlatforms) = postSolution
		{D55463D9-D0DE-40C2-BCCE-5F3E81F0AAE9}.Debug|Win32.ActiveCfg = Debug|Win32
		{D55463D9-D0DE-40C2-BCCE-5F3E81F0AAE9}.Debug|Win32.Build.0 = Debug|Win32
		{D55463D9-D0DE-40C2-BCCE-5F3E81F0AAE9}.Release|Win32.ActiveCfg = Release|Win32
		{D55463D9-D0DE-40C2-BCCE-5F3E81F0AAE9}.Release|Win32.Build.0 = Release|Win32
	EndGlobalSection
	GlobalSection(SolutionProperties) = preSolution
		HideSolutionNode = FALSE
	EndGlobalSection
EndGlobal
